
Microsoft Visual Studio Solution File, Format Version 12.00
# Visual Studio Version 17
VisualStudioVersion = 17.1.32421.90
MinimumVisualStudioVersion = 10.0.40219.1
Project("{9A19103F-16F7-4668-BE54-9A1E7A4F7556}") = "JackAnalyzer", "JackAnalyzer.csproj", "{B6721947-CE8F-48E9-A58C-98F30C0D4B7C}"
EndProject
Project("{FAE04EC0-301F-11D3-BF4B-00C04F79EFBC}") = "JackAnalyzer.Test", "..\JackAnalyzer.Test\JackAnalyzer.Test.csproj", "{F183915A-BAEA-4C6C-AC5E-B46F6C696B01}"
EndProject
Global
	GlobalSection(SolutionConfigurationPlatforms) = preSolution
		Debug|Any CPU = Debug|Any CPU
		Release|Any CPU = Release|Any CPU
	EndGlobalSection
	GlobalSection(ProjectConfigurationPlatforms) = postSolution
		{B6721947-CE8F-48E9-A58C-98F30C0D4B7C}.Debug|Any CPU.ActiveCfg = Debug|Any CPU
		{B6721947-CE8F-48E9-A58C-98F30C0D4B7C}.Debug|Any CPU.Build.0 = Debug|Any CPU
		{B6721947-CE8F-48E9-A58C-98F30C0D4B7C}.Release|Any CPU.ActiveCfg = Release|Any CPU
		{B6721947-CE8F-48E9-A58C-98F30C0D4B7C}.Release|Any CPU.Build.0 = Release|Any CPU
		{F183915A-BAEA-4C6C-AC5E-B46F6C696B01}.Debug|Any CPU.ActiveCfg = Debug|Any CPU
		{F183915A-BAEA-4C6C-AC5E-B46F6C696B01}.Debug|Any CPU.Build.0 = Debug|Any CPU
		{F183915A-BAEA-4C6C-AC5E-B46F6C696B01}.Release|Any CPU.ActiveCfg = Release|Any CPU
		{F183915A-BAEA-4C6C-AC5E-B46F6C696B01}.Release|Any CPU.Build.0 = Release|Any CPU
	EndGlobalSection
	GlobalSection(SolutionProperties) = preSolution
		HideSolutionNode = FALSE
	EndGlobalSection
	GlobalSection(ExtensibilityGlobals) = postSolution
		SolutionGuid = {C61CC62C-1CEB-4F1E-8ADF-D526A72D9383}
	EndGlobalSection
EndGlobal
